{
  "requires": true,
  "lockfileVersion": 1,
  "dependencies": {
    "uview-ui": {
      "version": "1.4.8",
      "resolved": "https://registry.npmjs.org/uview-ui/-/uview-ui-1.4.8.tgz",
      "integrity": "sha512-0KvvaeOGgvz+tyYyVe2ptE+WF2EojRR+p0T+sxfOJCEhjnSG1ZRGte2+FVIsh6PRSwDV3tzFWDvALn+Ac4liqA=="
    }
  }
}
